lockfileVersion: '9.0'

settings:
  autoInstallPeers: true
  excludeLinksFromLockfile: false

importers:

  .:
    dependencies:
      '@helios-lang/tx-utils':
        specifier: file:../../
        version: '@koralabs/helioslang-tx-utils@file:../..'
    devDependencies:
      '@rollup/plugin-node-resolve':
        specifier: ^16.0.0
        version: 16.0.1(rollup@4.50.1)
      esbuild:
        specifier: ^0.24.2
        version: 0.24.2
      rollup:
        specifier: ^4.30.1
        version: 4.50.1

packages:

  '@esbuild/aix-ppc64@0.24.2':
    resolution: {integrity: sha512-thpVCb/rhxE/BnMLQ7GReQLLN8q9qbHmI55F4489/ByVg2aQaQ6kbcLb6FHkocZzQhxc4gx0sCk0tJkKBFzDhA==}
    engines: {node: '>=18'}
    cpu: [ppc64]
    os: [aix]

  '@esbuild/android-arm64@0.24.2':
    resolution: {integrity: sha512-cNLgeqCqV8WxfcTIOeL4OAtSmL8JjcN6m09XIgro1Wi7cF4t/THaWEa7eL5CMoMBdjoHOTh/vwTO/o2TRXIyzg==}
    engines: {node: '>=18'}
    cpu: [arm64]
    os: [android]

  '@esbuild/android-arm@0.24.2':
    resolution: {integrity: sha512-tmwl4hJkCfNHwFB3nBa8z1Uy3ypZpxqxfTQOcHX+xRByyYgunVbZ9MzUUfb0RxaHIMnbHagwAxuTL+tnNM+1/Q==}
    engines: {node: '>=18'}
    cpu: [arm]
    os: [android]

  '@esbuild/android-x64@0.24.2':
    resolution: {integrity: sha512-B6Q0YQDqMx9D7rvIcsXfmJfvUYLoP722bgfBlO5cGvNVb5V/+Y7nhBE3mHV9OpxBf4eAS2S68KZztiPaWq4XYw==}
    engines: {node: '>=18'}
    cpu: [x64]
    os: [android]

  '@esbuild/darwin-arm64@0.24.2':
    resolution: {integrity: sha512-kj3AnYWc+CekmZnS5IPu9D+HWtUI49hbnyqk0FLEJDbzCIQt7hg7ucF1SQAilhtYpIujfaHr6O0UHlzzSPdOeA==}
    engines: {node: '>=18'}
    cpu: [arm64]
    os: [darwin]

  '@esbuild/darwin-x64@0.24.2':
    resolution: {integrity: sha512-WeSrmwwHaPkNR5H3yYfowhZcbriGqooyu3zI/3GGpF8AyUdsrrP0X6KumITGA9WOyiJavnGZUwPGvxvwfWPHIA==}
    engines: {node: '>=18'}
    cpu: [x64]
    os: [darwin]

  '@esbuild/freebsd-arm64@0.24.2':
    resolution: {integrity: sha512-UN8HXjtJ0k/Mj6a9+5u6+2eZ2ERD7Edt1Q9IZiB5UZAIdPnVKDoG7mdTVGhHJIeEml60JteamR3qhsr1r8gXvg==}
    engines: {node: '>=18'}
    cpu: [arm64]
    os: [freebsd]

  '@esbuild/freebsd-x64@0.24.2':
    resolution: {integrity: sha512-TvW7wE/89PYW+IevEJXZ5sF6gJRDY/14hyIGFXdIucxCsbRmLUcjseQu1SyTko+2idmCw94TgyaEZi9HUSOe3Q==}
    engines: {node: '>=18'}
    cpu: [x64]
    os: [freebsd]

  '@esbuild/linux-arm64@0.24.2':
    resolution: {integrity: sha512-7HnAD6074BW43YvvUmE/35Id9/NB7BeX5EoNkK9obndmZBUk8xmJJeU7DwmUeN7tkysslb2eSl6CTrYz6oEMQg==}
    engines: {node: '>=18'}
    cpu: [arm64]
    os: [linux]

  '@esbuild/linux-arm@0.24.2':
    resolution: {integrity: sha512-n0WRM/gWIdU29J57hJyUdIsk0WarGd6To0s+Y+LwvlC55wt+GT/OgkwoXCXvIue1i1sSNWblHEig00GBWiJgfA==}
    engines: {node: '>=18'}
    cpu: [arm]
    os: [linux]

  '@esbuild/linux-ia32@0.24.2':
    resolution: {integrity: sha512-sfv0tGPQhcZOgTKO3oBE9xpHuUqguHvSo4jl+wjnKwFpapx+vUDcawbwPNuBIAYdRAvIDBfZVvXprIj3HA+Ugw==}
    engines: {node: '>=18'}
    cpu: [ia32]
    os: [linux]

  '@esbuild/linux-loong64@0.24.2':
    resolution: {integrity: sha512-CN9AZr8kEndGooS35ntToZLTQLHEjtVB5n7dl8ZcTZMonJ7CCfStrYhrzF97eAecqVbVJ7APOEe18RPI4KLhwQ==}
    engines: {node: '>=18'}
    cpu: [loong64]
    os: [linux]

  '@esbuild/linux-mips64el@0.24.2':
    resolution: {integrity: sha512-iMkk7qr/wl3exJATwkISxI7kTcmHKE+BlymIAbHO8xanq/TjHaaVThFF6ipWzPHryoFsesNQJPE/3wFJw4+huw==}
    engines: {node: '>=18'}
    cpu: [mips64el]
    os: [linux]

  '@esbuild/linux-ppc64@0.24.2':
    resolution: {integrity: sha512-shsVrgCZ57Vr2L8mm39kO5PPIb+843FStGt7sGGoqiiWYconSxwTiuswC1VJZLCjNiMLAMh34jg4VSEQb+iEbw==}
    engines: {node: '>=18'}
    cpu: [ppc64]
    os: [linux]

  '@esbuild/linux-riscv64@0.24.2':
    resolution: {integrity: sha512-4eSFWnU9Hhd68fW16GD0TINewo1L6dRrB+oLNNbYyMUAeOD2yCK5KXGK1GH4qD/kT+bTEXjsyTCiJGHPZ3eM9Q==}
    engines: {node: '>=18'}
    cpu: [riscv64]
    os: [linux]

  '@esbuild/linux-s390x@0.24.2':
    resolution: {integrity: sha512-S0Bh0A53b0YHL2XEXC20bHLuGMOhFDO6GN4b3YjRLK//Ep3ql3erpNcPlEFed93hsQAjAQDNsvcK+hV90FubSw==}
    engines: {node: '>=18'}
    cpu: [s390x]
    os: [linux]

  '@esbuild/linux-x64@0.24.2':
    resolution: {integrity: sha512-8Qi4nQcCTbLnK9WoMjdC9NiTG6/E38RNICU6sUNqK0QFxCYgoARqVqxdFmWkdonVsvGqWhmm7MO0jyTqLqwj0Q==}
    engines: {node: '>=18'}
    cpu: [x64]
    os: [linux]

  '@esbuild/netbsd-arm64@0.24.2':
    resolution: {integrity: sha512-wuLK/VztRRpMt9zyHSazyCVdCXlpHkKm34WUyinD2lzK07FAHTq0KQvZZlXikNWkDGoT6x3TD51jKQ7gMVpopw==}
    engines: {node: '>=18'}
    cpu: [arm64]
    os: [netbsd]

  '@esbuild/netbsd-x64@0.24.2':
    resolution: {integrity: sha512-VefFaQUc4FMmJuAxmIHgUmfNiLXY438XrL4GDNV1Y1H/RW3qow68xTwjZKfj/+Plp9NANmzbH5R40Meudu8mmw==}
    engines: {node: '>=18'}
    cpu: [x64]
    os: [netbsd]

  '@esbuild/openbsd-arm64@0.24.2':
    resolution: {integrity: sha512-YQbi46SBct6iKnszhSvdluqDmxCJA+Pu280Av9WICNwQmMxV7nLRHZfjQzwbPs3jeWnuAhE9Jy0NrnJ12Oz+0A==}
    engines: {node: '>=18'}
    cpu: [arm64]
    os: [openbsd]

  '@esbuild/openbsd-x64@0.24.2':
    resolution: {integrity: sha512-+iDS6zpNM6EnJyWv0bMGLWSWeXGN/HTaF/LXHXHwejGsVi+ooqDfMCCTerNFxEkM3wYVcExkeGXNqshc9iMaOA==}
    engines: {node: '>=18'}
    cpu: [x64]
    os: [openbsd]

  '@esbuild/sunos-x64@0.24.2':
    resolution: {integrity: sha512-hTdsW27jcktEvpwNHJU4ZwWFGkz2zRJUz8pvddmXPtXDzVKTTINmlmga3ZzwcuMpUvLw7JkLy9QLKyGpD2Yxig==}
    engines: {node: '>=18'}
    cpu: [x64]
    os: [sunos]

  '@esbuild/win32-arm64@0.24.2':
    resolution: {integrity: sha512-LihEQ2BBKVFLOC9ZItT9iFprsE9tqjDjnbulhHoFxYQtQfai7qfluVODIYxt1PgdoyQkz23+01rzwNwYfutxUQ==}
    engines: {node: '>=18'}
    cpu: [arm64]
    os: [win32]

  '@esbuild/win32-ia32@0.24.2':
    resolution: {integrity: sha512-q+iGUwfs8tncmFC9pcnD5IvRHAzmbwQ3GPS5/ceCyHdjXubwQWI12MKWSNSMYLJMq23/IUCvJMS76PDqXe1fxA==}
    engines: {node: '>=18'}
    cpu: [ia32]
    os: [win32]

  '@esbuild/win32-x64@0.24.2':
    resolution: {integrity: sha512-7VTgWzgMGvup6aSqDPLiW5zHaxYJGTO4OokMjIlrCtf+VpEL+cXKtCvg723iguPYI5oaUNdS+/V7OU2gvXVWEg==}
    engines: {node: '>=18'}
    cpu: [x64]
    os: [win32]

  '@helios-lang/cbor@0.3.1':
    resolution: {integrity: sha512-BFUA4TKYJ/pOT/L0nXRcuwpKwTUjTvFBXvvpdgQevfyVM7hHOXXJfkO5s5FYjnjs4TFkO2XxuF3YZl9d8k/UVQ==}

  '@helios-lang/codec-utils@0.3.4':
    resolution: {integrity: sha512-YiYwBwkbRmu9/4tqHNGIk/haVb0+MLrwXZc+6/KMwGT5WKzypZSkDgH+aZEdHtdTmYhVyIj9ojBljAhMxi8ezg==}

  '@helios-lang/compiler-utils@0.5.17':
    resolution: {integrity: sha512-xenbr9vCLqnzhW2K57nisZOP2tOKlwsXA3M9HvukmMzBw/faNViTypKdE1pyu8ivM27OUDarxRlYMnD+zsX/fQ==}

  '@helios-lang/crypto@0.2.3':
    resolution: {integrity: sha512-Vyauv8fSrev2BFVn5RrHvMtgHzClogWFnX9CPm8024NEzlEL6jrXYiF8VAoegWX46GGZQE2ZEZxZciiKClaR3A==}

  '@helios-lang/era@0.1.5':
    resolution: {integrity: sha512-r6ZyLSVNMPqgMXhdtXumx3JGQ24QmCST77CmXypF0UaLzgZBj19bUt2UGX7P8MNth4VRlKsT42EqEfMh7KirsA==}

  '@helios-lang/type-utils@0.2.9':
    resolution: {integrity: sha512-79/aGqD9ZXNXUypDHf+tSSg4PBacovX5Q4U2GXKVcaH5a194PVZJ+Dsz2J5vLREUeSwSM7HLTEysqasyadbtEQ==}

  '@helios-lang/type-utils@0.3.0':
    resolution: {integrity: sha512-7iEzd/6Qw7srA5ye2gveUcNlRA5jpZZ2YGeCOZc93irpFwpZaJl8P35yQfRXTRfX77W5t57Hc+Zmg/I2eGbq2Q==}

  '@helios-lang/uplc@0.7.18':
    resolution: {integrity: sha512-LbwjBjUKpZYsHZIKmH1vF7WytNJfISgyDyAEqgCf5w2htMJqBlv5buV2ZYS8sef91IKW9OeI05NCsTa2Q1zJGA==}

  '@koralabs/helioslang-ledger@0.7.15':
    resolution: {integrity: sha512-BI81IYG18NQBWk7XrZyBtUEsrW0PGOCjMz4oR/HifNbWz0o6rgIX6c8qFnJghY3qjEnS8J81IPUrecMpn7GgjQ==}

  '@koralabs/helioslang-tx-utils@file:../..':
    resolution: {directory: ../.., type: directory}

  '@rollup/plugin-node-resolve@16.0.1':
    resolution: {integrity: sha512-tk5YCxJWIG81umIvNkSod2qK5KyQW19qcBF/B78n1bjtOON6gzKoVeSzAE8yHCZEDmqkHKkxplExA8KzdJLJpA==}
    engines: {node: '>=14.0.0'}
    peerDependencies:
      rollup: ^2.78.0||^3.0.0||^4.0.0
    peerDependenciesMeta:
      rollup:
        optional: true

  '@rollup/pluginutils@5.3.0':
    resolution: {integrity: sha512-5EdhGZtnu3V88ces7s53hhfK5KSASnJZv8Lulpc04cWO3REESroJXg73DFsOmgbU2BhwV0E20bu2IDZb3VKW4Q==}
    engines: {node: '>=14.0.0'}
    peerDependencies:
      rollup: ^1.20.0||^2.0.0||^3.0.0||^4.0.0
    peerDependenciesMeta:
      rollup:
        optional: true

  '@rollup/rollup-android-arm-eabi@4.50.1':
    resolution: {integrity: sha512-HJXwzoZN4eYTdD8bVV22DN8gsPCAj3V20NHKOs8ezfXanGpmVPR7kalUHd+Y31IJp9stdB87VKPFbsGY3H/2ag==}
    cpu: [arm]
    os: [android]

  '@rollup/rollup-android-arm64@4.50.1':
    resolution: {integrity: sha512-PZlsJVcjHfcH53mOImyt3bc97Ep3FJDXRpk9sMdGX0qgLmY0EIWxCag6EigerGhLVuL8lDVYNnSo8qnTElO4xw==}
    cpu: [arm64]
    os: [android]

  '@rollup/rollup-darwin-arm64@4.50.1':
    resolution: {integrity: sha512-xc6i2AuWh++oGi4ylOFPmzJOEeAa2lJeGUGb4MudOtgfyyjr4UPNK+eEWTPLvmPJIY/pgw6ssFIox23SyrkkJw==}
    cpu: [arm64]
    os: [darwin]

  '@rollup/rollup-darwin-x64@4.50.1':
    resolution: {integrity: sha512-2ofU89lEpDYhdLAbRdeyz/kX3Y2lpYc6ShRnDjY35bZhd2ipuDMDi6ZTQ9NIag94K28nFMofdnKeHR7BT0CATw==}
    cpu: [x64]
    os: [darwin]

  '@rollup/rollup-freebsd-arm64@4.50.1':
    resolution: {integrity: sha512-wOsE6H2u6PxsHY/BeFHA4VGQN3KUJFZp7QJBmDYI983fgxq5Th8FDkVuERb2l9vDMs1D5XhOrhBrnqcEY6l8ZA==}
    cpu: [arm64]
    os: [freebsd]

  '@rollup/rollup-freebsd-x64@4.50.1':
    resolution: {integrity: sha512-A/xeqaHTlKbQggxCqispFAcNjycpUEHP52mwMQZUNqDUJFFYtPHCXS1VAG29uMlDzIVr+i00tSFWFLivMcoIBQ==}
    cpu: [x64]
    os: [freebsd]

  '@rollup/rollup-linux-arm-gnueabihf@4.50.1':
    resolution: {integrity: sha512-54v4okehwl5TaSIkpp97rAHGp7t3ghinRd/vyC1iXqXMfjYUTm7TfYmCzXDoHUPTTf36L8pr0E7YsD3CfB3ZDg==}
    cpu: [arm]
    os: [linux]

  '@rollup/rollup-linux-arm-musleabihf@4.50.1':
    resolution: {integrity: sha512-p/LaFyajPN/0PUHjv8TNyxLiA7RwmDoVY3flXHPSzqrGcIp/c2FjwPPP5++u87DGHtw+5kSH5bCJz0mvXngYxw==}
    cpu: [arm]
    os: [linux]

  '@rollup/rollup-linux-arm64-gnu@4.50.1':
    resolution: {integrity: sha512-2AbMhFFkTo6Ptna1zO7kAXXDLi7H9fGTbVaIq2AAYO7yzcAsuTNWPHhb2aTA6GPiP+JXh85Y8CiS54iZoj4opw==}
    cpu: [arm64]
    os: [linux]

  '@rollup/rollup-linux-arm64-musl@4.50.1':
    resolution: {integrity: sha512-Cgef+5aZwuvesQNw9eX7g19FfKX5/pQRIyhoXLCiBOrWopjo7ycfB292TX9MDcDijiuIJlx1IzJz3IoCPfqs9w==}
    cpu: [arm64]
    os: [linux]

  '@rollup/rollup-linux-loongarch64-gnu@4.50.1':
    resolution: {integrity: sha512-RPhTwWMzpYYrHrJAS7CmpdtHNKtt2Ueo+BlLBjfZEhYBhK00OsEqM08/7f+eohiF6poe0YRDDd8nAvwtE/Y62Q==}
    cpu: [loong64]
    os: [linux]

  '@rollup/rollup-linux-ppc64-gnu@4.50.1':
    resolution: {integrity: sha512-eSGMVQw9iekut62O7eBdbiccRguuDgiPMsw++BVUg+1K7WjZXHOg/YOT9SWMzPZA+w98G+Fa1VqJgHZOHHnY0Q==}
    cpu: [ppc64]
    os: [linux]

  '@rollup/rollup-linux-riscv64-gnu@4.50.1':
    resolution: {integrity: sha512-S208ojx8a4ciIPrLgazF6AgdcNJzQE4+S9rsmOmDJkusvctii+ZvEuIC4v/xFqzbuP8yDjn73oBlNDgF6YGSXQ==}
    cpu: [riscv64]
    os: [linux]

  '@rollup/rollup-linux-riscv64-musl@4.50.1':
    resolution: {integrity: sha512-3Ag8Ls1ggqkGUvSZWYcdgFwriy2lWo+0QlYgEFra/5JGtAd6C5Hw59oojx1DeqcA2Wds2ayRgvJ4qxVTzCHgzg==}
    cpu: [riscv64]
    os: [linux]

  '@rollup/rollup-linux-s390x-gnu@4.50.1':
    resolution: {integrity: sha512-t9YrKfaxCYe7l7ldFERE1BRg/4TATxIg+YieHQ966jwvo7ddHJxPj9cNFWLAzhkVsbBvNA4qTbPVNsZKBO4NSg==}
    cpu: [s390x]
    os: [linux]

  '@rollup/rollup-linux-x64-gnu@4.50.1':
    resolution: {integrity: sha512-MCgtFB2+SVNuQmmjHf+wfI4CMxy3Tk8XjA5Z//A0AKD7QXUYFMQcns91K6dEHBvZPCnhJSyDWLApk40Iq/H3tA==}
    cpu: [x64]
    os: [linux]

  '@rollup/rollup-linux-x64-musl@4.50.1':
    resolution: {integrity: sha512-nEvqG+0jeRmqaUMuwzlfMKwcIVffy/9KGbAGyoa26iu6eSngAYQ512bMXuqqPrlTyfqdlB9FVINs93j534UJrg==}
    cpu: [x64]
    os: [linux]

  '@rollup/rollup-openharmony-arm64@4.50.1':
    resolution: {integrity: sha512-RDsLm+phmT3MJd9SNxA9MNuEAO/J2fhW8GXk62G/B4G7sLVumNFbRwDL6v5NrESb48k+QMqdGbHgEtfU0LCpbA==}
    cpu: [arm64]
    os: [openharmony]

  '@rollup/rollup-win32-arm64-msvc@4.50.1':
    resolution: {integrity: sha512-hpZB/TImk2FlAFAIsoElM3tLzq57uxnGYwplg6WDyAxbYczSi8O2eQ+H2Lx74504rwKtZ3N2g4bCUkiamzS6TQ==}
    cpu: [arm64]
    os: [win32]

  '@rollup/rollup-win32-ia32-msvc@4.50.1':
    resolution: {integrity: sha512-SXjv8JlbzKM0fTJidX4eVsH+Wmnp0/WcD8gJxIZyR6Gay5Qcsmdbi9zVtnbkGPG8v2vMR1AD06lGWy5FLMcG7A==}
    cpu: [ia32]
    os: [win32]

  '@rollup/rollup-win32-x64-msvc@4.50.1':
    resolution: {integrity: sha512-StxAO/8ts62KZVRAm4JZYq9+NqNsV7RvimNK+YM7ry//zebEH6meuugqW/P5OFUCjyQgui+9fUxT6d5NShvMvA==}
    cpu: [x64]
    os: [win32]

  '@types/estree@1.0.8':
    resolution: {integrity: sha512-dWHzHa2WqEXI/O1E9OjrocMTKJl2mSrEolh1Iomrv6U+JuNwaHXsXx9bLu5gG7BUWFIN0skIQJQ/L1rIex4X6w==}

  '@types/resolve@1.20.2':
    resolution: {integrity: sha512-60BCwRFOZCQhDncwQdxxeOEEkbc5dIMccYLwbxsS4TUNeVECQ/pBJ0j09mrHOl/JJvpRPGwO9SvE4nR2Nb/a4Q==}

  deepmerge@4.3.1:
    resolution: {integrity: sha512-3sUqbMEc77XqpdNO7FRyRog+eW3ph+GYCbj+rK+uYyRMuwsVy0rMiVtPn+QJlKFvWP/1PYpapqYn0Me2knFn+A==}
    engines: {node: '>=0.10.0'}

  esbuild@0.24.2:
    resolution: {integrity: sha512-+9egpBW8I3CD5XPe0n6BfT5fxLzxrlDzqydF3aviG+9ni1lDC/OvMHcxqEFV0+LANZG5R1bFMWfUrjVsdwxJvA==}
    engines: {node: '>=18'}
    hasBin: true

  estree-walker@2.0.2:
    resolution: {integrity: sha512-Rfkk/Mp/DL7JVje3u18FxFujQlTNR2q6QfMSMB7AvCBx91NGj/ba3kCfza0f6dVDbw7YlRf/nDrn7pQrCCyQ/w==}

  fsevents@2.3.3:
    resolution: {integrity: sha512-5xoDfX+fL7faATnagmWPpbFtwh/R77WmMMqqHGS65C3vvB0YHrgF+B1YmZ3441tMj5n63k0212XNoJwzlhffQw==}
    engines: {node: ^8.16.0 || ^10.6.0 || >=11.0.0}
    os: [darwin]

  function-bind@1.1.2:
    resolution: {integrity: sha512-7XHNxH7qX9xG5mIwxkhumTox/MIRNcOgDrxWsMt2pAr23WHp6MrRlN7FBSFpCpr+oVO0F744iUgR82nJMfG2SA==}

  hasown@2.0.2:
    resolution: {integrity: sha512-0hJU9SCPvmMzIBdZFqNPXWa6dqh7WdH0cII9y+CyS8rG3nL48Bclra9HmKhVVUHyPWNH5Y7xDwAB7bfgSjkUMQ==}
    engines: {node: '>= 0.4'}

  is-core-module@2.16.1:
    resolution: {integrity: sha512-UfoeMA6fIJ8wTYFEUjelnaGI67v6+N7qXJEvQuIGa99l4xsCruSYOVSQ0uPANn4dAzm8lkYPaKLrrijLq7x23w==}
    engines: {node: '>= 0.4'}

  is-module@1.0.0:
    resolution: {integrity: sha512-51ypPSPCoTEIN9dy5Oy+h4pShgJmPCygKfyRCISBI+JoWT/2oJvK8QPxmwv7b/p239jXrm9M1mlQbyKJ5A152g==}

  path-parse@1.0.7:
    resolution: {integrity: sha512-LDJzPVEEEPR+y48z93A0Ed0yXb8pAByGWo/k5YYdYgpY2/2EsOsksJrq7lOHxryrVOn1ejG6oAp8ahvOIQD8sw==}

  picomatch@4.0.3:
    resolution: {integrity: sha512-5gTmgEY/sqK6gFXLIsQNH19lWb4ebPDLA4SdLP7dsWkIXHWlG66oPuVvXSGFPppYZz8ZDZq0dYYrbHfBCVUb1Q==}
    engines: {node: '>=12'}

  resolve@1.22.10:
    resolution: {integrity: sha512-NPRy+/ncIMeDlTAsuqwKIiferiawhefFJtkNSW0qZJEqMEb+qBt/77B/jGeeek+F0uOeN05CDa6HXbbIgtVX4w==}
    engines: {node: '>= 0.4'}
    hasBin: true

  rollup@4.50.1:
    resolution: {integrity: sha512-78E9voJHwnXQMiQdiqswVLZwJIzdBKJ1GdI5Zx6XwoFKUIk09/sSrr+05QFzvYb8q6Y9pPV45zzDuYa3907TZA==}
    engines: {node: '>=18.0.0', npm: '>=8.0.0'}
    hasBin: true

  supports-preserve-symlinks-flag@1.0.0:
    resolution: {integrity: sha512-ot0WnXS9fgdkgIcePe6RHNk1WA8+muPa6cSjeR3V8K27q9BB1rTE3R1p7Hv0z1ZyAc8s6Vvv8DIyWf681MAt0w==}
    engines: {node: '>= 0.4'}

snapshots:

  '@esbuild/aix-ppc64@0.24.2':
    optional: true

  '@esbuild/android-arm64@0.24.2':
    optional: true

  '@esbuild/android-arm@0.24.2':
    optional: true

  '@esbuild/android-x64@0.24.2':
    optional: true

  '@esbuild/darwin-arm64@0.24.2':
    optional: true

  '@esbuild/darwin-x64@0.24.2':
    optional: true

  '@esbuild/freebsd-arm64@0.24.2':
    optional: true

  '@esbuild/freebsd-x64@0.24.2':
    optional: true

  '@esbuild/linux-arm64@0.24.2':
    optional: true

  '@esbuild/linux-arm@0.24.2':
    optional: true

  '@esbuild/linux-ia32@0.24.2':
    optional: true

  '@esbuild/linux-loong64@0.24.2':
    optional: true

  '@esbuild/linux-mips64el@0.24.2':
    optional: true

  '@esbuild/linux-ppc64@0.24.2':
    optional: true

  '@esbuild/linux-riscv64@0.24.2':
    optional: true

  '@esbuild/linux-s390x@0.24.2':
    optional: true

  '@esbuild/linux-x64@0.24.2':
    optional: true

  '@esbuild/netbsd-arm64@0.24.2':
    optional: true

  '@esbuild/netbsd-x64@0.24.2':
    optional: true

  '@esbuild/openbsd-arm64@0.24.2':
    optional: true

  '@esbuild/openbsd-x64@0.24.2':
    optional: true

  '@esbuild/sunos-x64@0.24.2':
    optional: true

  '@esbuild/win32-arm64@0.24.2':
    optional: true

  '@esbuild/win32-ia32@0.24.2':
    optional: true

  '@esbuild/win32-x64@0.24.2':
    optional: true

  '@helios-lang/cbor@0.3.1':
    dependencies:
      '@helios-lang/codec-utils': 0.3.4

  '@helios-lang/codec-utils@0.3.4': {}

  '@helios-lang/compiler-utils@0.5.17':
    dependencies:
      '@helios-lang/codec-utils': 0.3.4
      '@helios-lang/type-utils': 0.2.9

  '@helios-lang/crypto@0.2.3':
    dependencies:
      '@helios-lang/codec-utils': 0.3.4
      '@helios-lang/type-utils': 0.2.9

  '@helios-lang/era@0.1.5': {}

  '@helios-lang/type-utils@0.2.9': {}

  '@helios-lang/type-utils@0.3.0': {}

  '@helios-lang/uplc@0.7.18':
    dependencies:
      '@helios-lang/cbor': 0.3.1
      '@helios-lang/codec-utils': 0.3.4
      '@helios-lang/compiler-utils': 0.5.17
      '@helios-lang/crypto': 0.2.3
      '@helios-lang/era': 0.1.5
      '@helios-lang/type-utils': 0.2.9

  '@koralabs/helioslang-ledger@0.7.15':
    dependencies:
      '@helios-lang/cbor': 0.3.1
      '@helios-lang/codec-utils': 0.3.4
      '@helios-lang/crypto': 0.2.3
      '@helios-lang/type-utils': 0.3.0
      '@helios-lang/uplc': 0.7.18

  '@koralabs/helioslang-tx-utils@file:../..':
    dependencies:
      '@helios-lang/cbor': 0.3.1
      '@helios-lang/codec-utils': 0.3.4
      '@helios-lang/crypto': 0.2.3
      '@helios-lang/type-utils': 0.3.0
      '@helios-lang/uplc': 0.7.18
      '@koralabs/helioslang-ledger': 0.7.15

  '@rollup/plugin-node-resolve@16.0.1(rollup@4.50.1)':
    dependencies:
      '@rollup/pluginutils': 5.3.0(rollup@4.50.1)
      '@types/resolve': 1.20.2
      deepmerge: 4.3.1
      is-module: 1.0.0
      resolve: 1.22.10
    optionalDependencies:
      rollup: 4.50.1

  '@rollup/pluginutils@5.3.0(rollup@4.50.1)':
    dependencies:
      '@types/estree': 1.0.8
      estree-walker: 2.0.2
      picomatch: 4.0.3
    optionalDependencies:
      rollup: 4.50.1

  '@rollup/rollup-android-arm-eabi@4.50.1':
    optional: true

  '@rollup/rollup-android-arm64@4.50.1':
    optional: true

  '@rollup/rollup-darwin-arm64@4.50.1':
    optional: true

  '@rollup/rollup-darwin-x64@4.50.1':
    optional: true

  '@rollup/rollup-freebsd-arm64@4.50.1':
    optional: true

  '@rollup/rollup-freebsd-x64@4.50.1':
    optional: true

  '@rollup/rollup-linux-arm-gnueabihf@4.50.1':
    optional: true

  '@rollup/rollup-linux-arm-musleabihf@4.50.1':
    optional: true

  '@rollup/rollup-linux-arm64-gnu@4.50.1':
    optional: true

  '@rollup/rollup-linux-arm64-musl@4.50.1':
    optional: true

  '@rollup/rollup-linux-loongarch64-gnu@4.50.1':
    optional: true

  '@rollup/rollup-linux-ppc64-gnu@4.50.1':
    optional: true

  '@rollup/rollup-linux-riscv64-gnu@4.50.1':
    optional: true

  '@rollup/rollup-linux-riscv64-musl@4.50.1':
    optional: true

  '@rollup/rollup-linux-s390x-gnu@4.50.1':
    optional: true

  '@rollup/rollup-linux-x64-gnu@4.50.1':
    optional: true

  '@rollup/rollup-linux-x64-musl@4.50.1':
    optional: true

  '@rollup/rollup-openharmony-arm64@4.50.1':
    optional: true

  '@rollup/rollup-win32-arm64-msvc@4.50.1':
    optional: true

  '@rollup/rollup-win32-ia32-msvc@4.50.1':
    optional: true

  '@rollup/rollup-win32-x64-msvc@4.50.1':
    optional: true

  '@types/estree@1.0.8': {}

  '@types/resolve@1.20.2': {}

  deepmerge@4.3.1: {}

  esbuild@0.24.2:
    optionalDependencies:
      '@esbuild/aix-ppc64': 0.24.2
      '@esbuild/android-arm': 0.24.2
      '@esbuild/android-arm64': 0.24.2
      '@esbuild/android-x64': 0.24.2
      '@esbuild/darwin-arm64': 0.24.2
      '@esbuild/darwin-x64': 0.24.2
      '@esbuild/freebsd-arm64': 0.24.2
      '@esbuild/freebsd-x64': 0.24.2
      '@esbuild/linux-arm': 0.24.2
      '@esbuild/linux-arm64': 0.24.2
      '@esbuild/linux-ia32': 0.24.2
      '@esbuild/linux-loong64': 0.24.2
      '@esbuild/linux-mips64el': 0.24.2
      '@esbuild/linux-ppc64': 0.24.2
      '@esbuild/linux-riscv64': 0.24.2
      '@esbuild/linux-s390x': 0.24.2
      '@esbuild/linux-x64': 0.24.2
      '@esbuild/netbsd-arm64': 0.24.2
      '@esbuild/netbsd-x64': 0.24.2
      '@esbuild/openbsd-arm64': 0.24.2
      '@esbuild/openbsd-x64': 0.24.2
      '@esbuild/sunos-x64': 0.24.2
      '@esbuild/win32-arm64': 0.24.2
      '@esbuild/win32-ia32': 0.24.2
      '@esbuild/win32-x64': 0.24.2

  estree-walker@2.0.2: {}

  fsevents@2.3.3:
    optional: true

  function-bind@1.1.2: {}

  hasown@2.0.2:
    dependencies:
      function-bind: 1.1.2

  is-core-module@2.16.1:
    dependencies:
      hasown: 2.0.2

  is-module@1.0.0: {}

  path-parse@1.0.7: {}

  picomatch@4.0.3: {}

  resolve@1.22.10:
    dependencies:
      is-core-module: 2.16.1
      path-parse: 1.0.7
      supports-preserve-symlinks-flag: 1.0.0

  rollup@4.50.1:
    dependencies:
      '@types/estree': 1.0.8
    optionalDependencies:
      '@rollup/rollup-android-arm-eabi': 4.50.1
      '@rollup/rollup-android-arm64': 4.50.1
      '@rollup/rollup-darwin-arm64': 4.50.1
      '@rollup/rollup-darwin-x64': 4.50.1
      '@rollup/rollup-freebsd-arm64': 4.50.1
      '@rollup/rollup-freebsd-x64': 4.50.1
      '@rollup/rollup-linux-arm-gnueabihf': 4.50.1
      '@rollup/rollup-linux-arm-musleabihf': 4.50.1
      '@rollup/rollup-linux-arm64-gnu': 4.50.1
      '@rollup/rollup-linux-arm64-musl': 4.50.1
      '@rollup/rollup-linux-loongarch64-gnu': 4.50.1
      '@rollup/rollup-linux-ppc64-gnu': 4.50.1
      '@rollup/rollup-linux-riscv64-gnu': 4.50.1
      '@rollup/rollup-linux-riscv64-musl': 4.50.1
      '@rollup/rollup-linux-s390x-gnu': 4.50.1
      '@rollup/rollup-linux-x64-gnu': 4.50.1
      '@rollup/rollup-linux-x64-musl': 4.50.1
      '@rollup/rollup-openharmony-arm64': 4.50.1
      '@rollup/rollup-win32-arm64-msvc': 4.50.1
      '@rollup/rollup-win32-ia32-msvc': 4.50.1
      '@rollup/rollup-win32-x64-msvc': 4.50.1
      fsevents: 2.3.3

  supports-preserve-symlinks-flag@1.0.0: {}
